
Microsoft Visual Studio Solution File, Format Version 12.00
# Visual Studio Version 17
VisualStudioVersion = 17.4.33213.308
MinimumVisualStudioVersion = 10.0.40219.1
Project("{FAE04EC0-301F-11D3-BF4B-00C04F79EFBC}") = "EF", "EF\EF.csproj", "{3BD4A1C4-8999-4868-9430-2E3D6D0F0DBA}"
EndProject
Global
	GlobalSection(SolutionConfigurationPlatforms) = preSolution
		Debug|Any CPU = Debug|Any CPU
		Release|Any CPU = Release|Any CPU
	EndGlobalSection
	GlobalSection(ProjectConfigurationPlatforms) = postSolution
		{3BD4A1C4-8999-4868-9430-2E3D6D0F0DBA}.Debug|Any CPU.ActiveCfg = Debug|Any CPU
		{3BD4A1C4-8999-4868-9430-2E3D6D0F0DBA}.Debug|Any CPU.Build.0 = Debug|Any CPU
		{3BD4A1C4-8999-4868-9430-2E3D6D0F0DBA}.Release|Any CPU.ActiveCfg = Release|Any CPU
		{3BD4A1C4-8999-4868-9430-2E3D6D0F0DBA}.Release|Any CPU.Build.0 = Release|Any CPU
	EndGlobalSection
	GlobalSection(SolutionProperties) = preSolution
		HideSolutionNode = FALSE
	EndGlobalSection
	GlobalSection(ExtensibilityGlobals) = postSolution
		SolutionGuid = {D6361B69-55AF-4255-96AC-BD831DBDF008}
	EndGlobalSection
EndGlobal
